
Microsoft Visual Studio Solution File, Format Version 12.00
# Visual Studio Version 17
VisualStudioVersion = 17.9.34714.143
MinimumVisualStudioVersion = 10.0.40219.1
Project("{9A19103F-16F7-4668-BE54-9A1E7A4F7556}") = "Task1", "Task1\Task1.csproj", "{92BE51A2-4166-452B-858C-966CEB556A88}"
EndProject
Project("{9A19103F-16F7-4668-BE54-9A1E7A4F7556}") = "Task2", "Task2\Task2.csproj", "{1E9DCA7E-FBEF-4532-B640-F03AE8463FC2}"
EndProject
Project("{9A19103F-16F7-4668-BE54-9A1E7A4F7556}") = "Task3", "Task3\Task3.csproj", "{B8DB2E69-1AE9-4ABE-82D7-2901150BC4F1}"
EndProject
Project("{9A19103F-16F7-4668-BE54-9A1E7A4F7556}") = "Task4", "Task4\Task4.csproj", "{21F73F16-076B-433A-BDC3-04361E4F23E7}"
EndProject
Project("{9A19103F-16F7-4668-BE54-9A1E7A4F7556}") = "Task5", "Task5\Task5.csproj", "{FD7D97D1-D4C0-4B79-B0B6-989FBA01420A}"
EndProject
Project("{9A19103F-16F7-4668-BE54-9A1E7A4F7556}") = "Task6", "Task6\Task6.csproj", "{7A57AD70-59D1-4937-86D4-97C961AC67B2}"
EndProject
Project("{9A19103F-16F7-4668-BE54-9A1E7A4F7556}") = "Task7", "Task7\Task7.csproj", "{A192CCB7-FBCF-41F7-97B0-D2C2E4737434}"
EndProject
Project("{FAE04EC0-301F-11D3-BF4B-00C04F79EFBC}") = "Task8", "Task8\Task8.csproj", "{668AC3E0-152B-417A-A4C8-4AB211E5FAD9}"
EndProject
Global
	GlobalSection(SolutionConfigurationPlatforms) = preSolution
		Debug|Any CPU = Debug|Any CPU
		Release|Any CPU = Release|Any CPU
	EndGlobalSection
	GlobalSection(ProjectConfigurationPlatforms) = postSolution
		{92BE51A2-4166-452B-858C-966CEB556A88}.Debug|Any CPU.ActiveCfg = Debug|Any CPU
		{92BE51A2-4166-452B-858C-966CEB556A88}.Debug|Any CPU.Build.0 = Debug|Any CPU
		{92BE51A2-4166-452B-858C-966CEB556A88}.Release|Any CPU.ActiveCfg = Release|Any CPU
		{92BE51A2-4166-452B-858C-966CEB556A88}.Release|Any CPU.Build.0 = Release|Any CPU
		{1E9DCA7E-FBEF-4532-B640-F03AE8463FC2}.Debug|Any CPU.ActiveCfg = Debug|Any CPU
		{1E9DCA7E-FBEF-4532-B640-F03AE8463FC2}.Debug|Any CPU.Build.0 = Debug|Any CPU
		{1E9DCA7E-FBEF-4532-B640-F03AE8463FC2}.Release|Any CPU.ActiveCfg = Release|Any CPU
		{1E9DCA7E-FBEF-4532-B640-F03AE8463FC2}.Release|Any CPU.Build.0 = Release|Any CPU
		{B8DB2E69-1AE9-4ABE-82D7-2901150BC4F1}.Debug|Any CPU.ActiveCfg = Debug|Any CPU
		{B8DB2E69-1AE9-4ABE-82D7-2901150BC4F1}.Debug|Any CPU.Build.0 = Debug|Any CPU
		{B8DB2E69-1AE9-4ABE-82D7-2901150BC4F1}.Release|Any CPU.ActiveCfg = Release|Any CPU
		{B8DB2E69-1AE9-4ABE-82D7-2901150BC4F1}.Release|Any CPU.Build.0 = Release|Any CPU
		{21F73F16-076B-433A-BDC3-04361E4F23E7}.Debug|Any CPU.ActiveCfg = Debug|Any CPU
		{21F73F16-076B-433A-BDC3-04361E4F23E7}.Debug|Any CPU.Build.0 = Debug|Any CPU
		{21F73F16-076B-433A-BDC3-04361E4F23E7}.Release|Any CPU.ActiveCfg = Release|Any CPU
		{21F73F16-076B-433A-BDC3-04361E4F23E7}.Release|Any CPU.Build.0 = Release|Any CPU
		{FD7D97D1-D4C0-4B79-B0B6-989FBA01420A}.Debug|Any CPU.ActiveCfg = Debug|Any CPU
		{FD7D97D1-D4C0-4B79-B0B6-989FBA01420A}.Debug|Any CPU.Build.0 = Debug|Any CPU
		{FD7D97D1-D4C0-4B79-B0B6-989FBA01420A}.Release|Any CPU.ActiveCfg = Release|Any CPU
		{FD7D97D1-D4C0-4B79-B0B6-989FBA01420A}.Release|Any CPU.Build.0 = Release|Any CPU
		{7A57AD70-59D1-4937-86D4-97C961AC67B2}.Debug|Any CPU.ActiveCfg = Debug|Any CPU
		{7A57AD70-59D1-4937-86D4-97C961AC67B2}.Debug|Any CPU.Build.0 = Debug|Any CPU
		{7A57AD70-59D1-4937-86D4-97C961AC67B2}.Release|Any CPU.ActiveCfg = Release|Any CPU
		{7A57AD70-59D1-4937-86D4-97C961AC67B2}.Release|Any CPU.Build.0 = Release|Any CPU
		{A192CCB7-FBCF-41F7-97B0-D2C2E4737434}.Debug|Any CPU.ActiveCfg = Debug|Any CPU
		{A192CCB7-FBCF-41F7-97B0-D2C2E4737434}.Debug|Any CPU.Build.0 = Debug|Any CPU
		{A192CCB7-FBCF-41F7-97B0-D2C2E4737434}.Release|Any CPU.ActiveCfg = Release|Any CPU
		{A192CCB7-FBCF-41F7-97B0-D2C2E4737434}.Release|Any CPU.Build.0 = Release|Any CPU
		{668AC3E0-152B-417A-A4C8-4AB211E5FAD9}.Debug|Any CPU.ActiveCfg = Debug|Any CPU
		{668AC3E0-152B-417A-A4C8-4AB211E5FAD9}.Debug|Any CPU.Build.0 = Debug|Any CPU
		{668AC3E0-152B-417A-A4C8-4AB211E5FAD9}.Release|Any CPU.ActiveCfg = Release|Any CPU
		{668AC3E0-152B-417A-A4C8-4AB211E5FAD9}.Release|Any CPU.Build.0 = Release|Any CPU
	EndGlobalSection
	GlobalSection(SolutionProperties) = preSolution
		HideSolutionNode = FALSE
	EndGlobalSection
	GlobalSection(ExtensibilityGlobals) = postSolution
		SolutionGuid = {DF5C2EEC-9590-4CA3-AA59-55DBC1C1DE1D}
	EndGlobalSection
EndGlobal
